// !$*UTF8*$!
{
	archiveVersion = 1;
	classes = {
	};
	objectVersion = 46;
	objects = {

/* Begin PBXBuildFile section */
		1081B5081C94C3CD00AC3392 /* AppDelegate.swift in Sources */ = {isa = PBXBuildFile; fileRef = 1081B5071C94C3CD00AC3392 /* AppDelegate.swift */; };
		1081B50A1C94C3CD00AC3392 /* ViewController.swift in Sources */ = {isa = PBXBuildFile; fileRef = 1081B5091C94C3CD00AC3392 /* ViewController.swift */; };
		1081B50D1C94C3CD00AC3392 /* Main.storyboard in Resources */ = {isa = PBXBuildFile; fileRef = 1081B50B1C94C3CD00AC3392 /* Main.storyboard */; };
		1081B50F1C94C3CD00AC3392 /* Assets.xcassets in Resources */ = {isa = PBXBuildFile; fileRef = 1081B50E1C94C3CD00AC3392 /* Assets.xcassets */; };
		1081B5121C94C3CD00AC3392 /* LaunchScreen.storyboard in Resources */ = {isa = PBXBuildFile; fileRef = 1081B5101C94C3CD00AC3392 /* LaunchScreen.storyboard */; };
/* End PBXBuildFile section */

/* Begin PBXFileReference section */
		1081B5041C94C3CD00AC3392 /* PermanantStorage2.app */ = {isa = PBXFileReference; explicitFileType = wrapper.application; includeInIndex = 0; path = PermanantStorage2.app; sourceTree = BUILT_PRODUCTS_DIR; };
		1081B5071C94C3CD00AC3392 /* AppDelegate.swift */ = {isa = PBXFileReference; lastKnownFileType = sourcecode.swift; path = AppDelegate.swift; sourceTree = "<group>"; };
		1081B5091C94C3CD00AC3392 /* ViewController.swift */ = {isa = PBXFileReference; lastKnownFileType = sourcecode.swift; path = ViewController.swift; sourceTree = "<group>"; };
		1081B50C1C94C3CD00AC3392 /* Base */ = {isa = PBXFileReference; lastKnownFileType = file.storyboard; name = Base; path = Base.lproj/Main.storyboard; sourceTree = "<group>"; };
		1081B50E1C94C3CD00AC3392 /* Assets.xcassets */ = {isa = PBXFileReference; lastKnownFileType = folder.assetcatalog; path = Assets.xcassets; sourceTree = "<group>"; };
		1081B5111C94C3CD00AC3392 /* Base */ = {isa = PBXFileReference; lastKnownFileType = file.storyboard; name = Base; path = Base.lproj/LaunchScreen.storyboard; sourceTree = "<group>"; };
		1081B5131C94C3CD00AC3392 /* Info.plist */ = {isa = PBXFileReference; lastKnownFileType = text.plist.xml; path = Info.plist; sourceTree = "<group>"; };
/* End PBXFileReference section */

/* Begin PBXFrameworksBuildPhase section */
		1081B5011C94C3CD00AC3392 /* Frameworks */ = {
			isa = PBXFrameworksBuildPhase;
			buildActionMask = 2147483647;
			files = (
			);
			runOnlyForDeploymentPostprocessing = 0;
		};
/* End PBXFrameworksBuildPhase section */

/* Begin PBXGroup section */
		1081B4FB1C94C3CD00AC3392 = {
			isa = PBXGroup;
			children = (
				1081B5061C94C3CD00AC3392 /* PermanantStorage2 */,
				1081B5051C94C3CD00AC3392 /* Products */,
			);
			sourceTree = "<group>";
		};
		1081B5051C94C3CD00AC3392 /* Products */ = {
			isa = PBXGroup;
			children = (
				1081B5041C94C3CD00AC3392 /* PermanantStorage2.app */,
			);
			name = Products;
			sourceTree = "<group>";
		};
		1081B5061C94C3CD00AC3392 /* PermanantStorage2 */ = {
			isa = PBXGroup;
			children = (
				1081B5071C94C3CD00AC3392 /* AppDelegate.swift */,
				1081B5091C94C3CD00AC3392 /* ViewController.swift */,
				1081B50B1C94C3CD00AC3392 /* Main.storyboard */,
				1081B50E1C94C3CD00AC3392 /* Assets.xcassets */,
				1081B5101C94C3CD00AC3392 /* LaunchScreen.storyboard */,
				1081B5131C94C3CD00AC3392 /* Info.plist */,
			);
			path = PermanantStorage2;
			sourceTree = "<group>";
		};
/* End PBXGroup section */

/* Begin PBXNativeTarget section */
		1081B5031C94C3CD00AC3392 /* PermanantStorage2 */ = {
			isa = PBXNativeTarget;
			buildConfigurationList = 1081B5161C94C3CD00AC3392 /* Build configuration list for PBXNativeTarget "PermanantStorage2" */;
			buildPhases = (
				1081B5001C94C3CD00AC3392 /* Sources */,
				1081B5011C94C3CD00AC3392 /* Frameworks */,
				1081B5021C94C3CD00AC3392 /* Resources */,
			);
			buildRules = (
			);
			dependencies = (
			);
			name = PermanantStorage2;
			productName = PermanantStorage2;
			productReference = 1081B5041C94C3CD00AC3392 /* PermanantStorage2.app */;
			productType = "com.apple.product-type.application";
		};
/* End PBXNativeTarget section */

/* Begin PBXProject section */
		1081B4FC1C94C3CD00AC3392 /* Project object */ = {
			isa = PBXProject;
			attributes = {
				LastSwiftUpdateCheck = 0720;
				LastUpgradeCheck = 0720;
				ORGANIZATIONNAME = "marvin evins";
				TargetAttributes = {
					1081B5031C94C3CD00AC3392 = {
						CreatedOnToolsVersion = 7.2.1;
					};
				};
			};
			buildConfigurationList = 1081B4FF1C94C3CD00AC3392 /* Build configuration list for PBXProject "PermanantStorage2" */;
			compatibilityVersion = "Xcode 3.2";
			developmentRegion = English;
			hasScannedForEncodings = 0;
			knownRegions = (
				en,
				Base,
			);
			mainGroup = 1081B4FB1C94C3CD00AC3392;
			productRefGroup = 1081B5051C94C3CD00AC3392 /* Products */;
			projectDirPath = "";
			projectRoot = "";
			targets = (
				1081B5031C94C3CD00AC3392 /* PermanantStorage2 */,
			);
		};
/* End PBXProject section */

/* Begin PBXResourcesBuildPhase section */
		1081B5021C94C3CD00AC3392 /* Resources */ = {
			isa = PBXResourcesBuildPhase;
			buildActionMask = 2147483647;
			files = (
				1081B5121C94C3CD00AC3392 /* LaunchScreen.storyboard in Resources */,
				1081B50F1C94C3CD00AC3392 /* Assets.xcassets in Resources */,
				1081B50D1C94C3CD00AC3392 /* Main.storyboard in Resources */,
			);
			runOnlyForDeploymentPostprocessing = 0;
		};
/* End PBXResourcesBuildPhase section */

/* Begin PBXSourcesBuildPhase section */
		1081B5001C94C3CD00AC3392 /* Sources */ = {
			isa = PBXSourcesBuildPhase;
			buildActionMask = 2147483647;
			files = (
				1081B50A1C94C3CD00AC3392 /* ViewController.swift in Sources */,
				1081B5081C94C3CD00AC3392 /* AppDelegate.swift in Sources */,
			);
			runOnlyForDeploymentPostprocessing = 0;
		};
/* End PBXSourcesBuildPhase section */

/* Begin PBXVariantGroup section */
		1081B50B1C94C3CD00AC3392 /* Main.storyboard */ = {
			isa = PBXVariantGroup;
			children = (
				1081B50C1C94C3CD00AC3392 /* Base */,
			);
			name = Main.storyboard;
			sourceTree = "<group>";
		};
		1081B5101C94C3CD00AC3392 /* LaunchScreen.storyboard */ = {
			isa = PBXVariantGroup;
			children = (
				1081B5111C94C3CD00AC3392 /* Base */,
			);
			name = LaunchScreen.storyboard;
			sourceTree = "<group>";
		};
/* End PBXVariantGroup section */

/* Begin XCBuildConfiguration section */
		1081B5141C94C3CD00AC3392 /* Debug */ = {
			isa = XCBuildConfiguration;
			buildSettings = {
				ALWAYS_SEARCH_USER_PATHS = NO;
				CLANG_CXX_LANGUAGE_STANDARD = "gnu++0x";
				CLANG_CXX_LIBRARY = "libc++";
				CLANG_ENABLE_MODULES = YES;
				CLANG_ENABLE_OBJC_ARC = YES;
				CLANG_WARN_BOOL_CONVERSION = YES;
				CLANG_WARN_CONSTANT_CONVERSION = YES;
				CLANG_WARN_DIRECT_OBJC_ISA_USAGE = YES_ERROR;
				CLANG_WARN_EMPTY_BODY = YES;
				CLANG_WARN_ENUM_CONVERSION = YES;
				CLANG_WARN_INT_CONVERSION = YES;
				CLANG_WARN_OBJC_ROOT_CLASS = YES_ERROR;
				CLANG_WARN_UNREACHABLE_CODE = YES;
				CLANG_WARN__DUPLICATE_METHOD_MATCH = YES;
				"CODE_SIGN_IDENTITY[sdk=iphoneos*]" = "iPhone Developer";
				COPY_PHASE_STRIP = NO;
				DEBUG_INFORMATION_FORMAT = dwarf;
				ENABLE_STRICT_OBJC_MSGSEND = YES;
				ENABLE_TESTABILITY = YES;
				GCC_C_LANGUAGE_STANDARD = gnu99;
				GCC_DYNAMIC_NO_PIC = NO;
				GCC_NO_COMMON_BLOCKS = YES;
				GCC_OPTIMIZATION_LEVEL = 0;
				GCC_PREPROCESSOR_DEFINITIONS = (
					"DEBUG=1",
					"$(inherited)",
				);
				GCC_WARN_64_TO_32_BIT_CONVERSION = YES;
				GCC_WARN_ABOUT_RETURN_TYPE = YES_ERROR;
				GCC_WARN_UNDECLARED_SELECTOR = YES;
				GCC_WARN_UNINITIALIZED_AUTOS = YES_AGGRESSIVE;
				GCC_WARN_UNUSED_FUNCTION = YES;
				GCC_WARN_UNUSED_VARIABLE = YES;
				IPHONEOS_DEPLOYMENT_TARGET = 9.2;
				MTL_ENABLE_DEBUG_INFO = YES;
				ONLY_ACTIVE_ARCH = YES;
				SDKROOT = iphoneos;
				SWIFT_OPTIMIZATION_LEVEL = "-Onone";
			};
			name = Debug;
		};
		1081B5151C94C3CD00AC3392 /* Release */ = {
			isa = XCBuildConfiguration;
			buildSettings = {
				ALWAYS_SEARCH_USER_PATHS = NO;
				CLANG_CXX_LANGUAGE_STANDARD = "gnu++0x";
				CLANG_CXX_LIBRARY = "libc++";
				CLANG_ENABLE_MODULES = YES;
				CLANG_ENABLE_OBJC_ARC = YES;
				CLANG_WARN_BOOL_CONVERSION = YES;
				CLANG_WARN_CONSTANT_CONVERSION = YES;
				CLANG_WARN_DIRECT_OBJC_ISA_USAGE = YES_ERROR;
				CLANG_WARN_EMPTY_BODY = YES;
				CLANG_WARN_ENUM_CONVERSION = YES;
				CLANG_WARN_INT_CONVERSION = YES;
				CLANG_WARN_OBJC_ROOT_CLASS = YES_ERROR;
				CLANG_WARN_UNREACHABLE_CODE = YES;
				CLANG_WARN__DUPLICATE_METHOD_MATCH = YES;
				"CODE_SIGN_IDENTITY[sdk=iphoneos*]" = "iPhone Developer";
				COPY_PHASE_STRIP = NO;
				DEBUG_INFORMATION_FORMAT = "dwarf-with-dsym";
				ENABLE_NS_ASSERTIONS = NO;
				ENABLE_STRICT_OBJC_MSGSEND = YES;
				GCC_C_LANGUAGE_STANDARD = gnu99;
				GCC_NO_COMMON_BLOCKS = YES;
				GCC_WARN_64_TO_32_BIT_CONVERSION = YES;
				GCC_WARN_ABOUT_RETURN_TYPE = YES_ERROR;
				GCC_WARN_UNDECLARED_SELECTOR = YES;
				GCC_WARN_UNINITIALIZED_AUTOS = YES_AGGRESSIVE;
				GCC_WARN_UNUSED_FUNCTION = YES;
				GCC_WARN_UNUSED_VARIABLE = YES;
				IPHONEOS_DEPLOYMENT_TARGET = 9.2;
				MTL_ENABLE_DEBUG_INFO = NO;
				SDKROOT = iphoneos;
				VALIDATE_PRODUCT = YES;
			};
			name = Release;
		};
		1081B5171C94C3CD00AC3392 /* Debug */ = {
			isa = XCBuildConfiguration;
			buildSettings = {
				ASSETCATALOG_COMPILER_APPICON_NAME = AppIcon;
				INFOPLIST_FILE = PermanantStorage2/Info.plist;
				LD_RUNPATH_SEARCH_PATHS = "$(inherited) @executable_path/Frameworks";
				PRODUCT_BUNDLE_IDENTIFIER = com.websavantmedia.PermanantStorage2;
				PRODUCT_NAME = "$(TARGET_NAME)";
			};
			name = Debug;
		};
		1081B5181C94C3CD00AC3392 /* Release */ = {
			isa = XCBuildConfiguration;
			buildSettings = {
				ASSETCATALOG_COMPILER_APPICON_NAME = AppIcon;
				INFOPLIST_FILE = PermanantStorage2/Info.plist;
				LD_RUNPATH_SEARCH_PATHS = "$(inherited) @executable_path/Frameworks";
				PRODUCT_BUNDLE_IDENTIFIER = com.websavantmedia.PermanantStorage2;
				PRODUCT_NAME = "$(TARGET_NAME)";
			};
			name = Release;
		};
/* End XCBuildConfiguration section */

/* Begin XCConfigurationList section */
		1081B4FF1C94C3CD00AC3392 /* Build configuration list for PBXProject "PermanantStorage2" */ = {
			isa = XCConfigurationList;
			buildConfigurations = (
				1081B5141C94C3CD00AC3392 /* Debug */,
				1081B5151C94C3CD00AC3392 /* Release */,
			);
			defaultConfigurationIsVisible = 0;
			defaultConfigurationName = Release;
		};
		1081B5161C94C3CD00AC3392 /* Build configuration list for PBXNativeTarget "PermanantStorage2" */ = {
			isa = XCConfigurationList;
			buildConfigurations = (
				1081B5171C94C3CD00AC3392 /* Debug */,
				1081B5181C94C3CD00AC3392 /* Release */,
			);
			defaultConfigurationIsVisible = 0;
		};
/* End XCConfigurationList section */
	};
	rootObject = 1081B4FC1C94C3CD00AC3392 /* Project object */;
}
